
Microsoft Visual Studio Solution File, Format Version 12.00
# Visual Studio 15
VisualStudioVersion = 15.0.28307.645
MinimumVisualStudioVersion = 10.0.40219.1
Project("{8BC9CEB8-8B4A-11D0-8D11-00A0C91BC942}") = "rlecodingplus", "rlecodingplus\rlecodingplus.vcxproj", "{C9B9F1E9-B6DC-4FE5-BC3D-0E3E6F0A2607}"
EndProject
Project("{888888A0-9F3D-457C-B088-3A5042F75D52}") = "Pyca", "Pyca\Pyca.pyproj", "{096548EE-99FA-447D-9C3E-C8B231FE50FB}"
EndProject
Global
	GlobalSection(SolutionConfigurationPlatforms) = preSolution
		Debug|Any CPU = Debug|Any CPU
		Debug|x64 = Debug|x64
		Debug|x86 = Debug|x86
		Release|Any CPU = Release|Any CPU
		Release|x64 = Release|x64
		Release|x86 = Release|x86
	EndGlobalSection
	GlobalSection(ProjectConfigurationPlatforms) = postSolution
		{C9B9F1E9-B6DC-4FE5-BC3D-0E3E6F0A2607}.Debug|Any CPU.ActiveCfg = Debug|Win32
		{C9B9F1E9-B6DC-4FE5-BC3D-0E3E6F0A2607}.Debug|x64.ActiveCfg = Debug|x64
		{C9B9F1E9-B6DC-4FE5-BC3D-0E3E6F0A2607}.Debug|x64.Build.0 = Debug|x64
		{C9B9F1E9-B6DC-4FE5-BC3D-0E3E6F0A2607}.Debug|x86.ActiveCfg = Debug|Win32
		{C9B9F1E9-B6DC-4FE5-BC3D-0E3E6F0A2607}.Debug|x86.Build.0 = Debug|Win32
		{C9B9F1E9-B6DC-4FE5-BC3D-0E3E6F0A2607}.Release|Any CPU.ActiveCfg = Release|Win32
		{C9B9F1E9-B6DC-4FE5-BC3D-0E3E6F0A2607}.Release|x64.ActiveCfg = Release|x64
		{C9B9F1E9-B6DC-4FE5-BC3D-0E3E6F0A2607}.Release|x64.Build.0 = Release|x64
		{C9B9F1E9-B6DC-4FE5-BC3D-0E3E6F0A2607}.Release|x86.ActiveCfg = Release|Win32
		{C9B9F1E9-B6DC-4FE5-BC3D-0E3E6F0A2607}.Release|x86.Build.0 = Release|Win32
		{096548EE-99FA-447D-9C3E-C8B231FE50FB}.Debug|Any CPU.ActiveCfg = Debug|Any CPU
		{096548EE-99FA-447D-9C3E-C8B231FE50FB}.Debug|x64.ActiveCfg = Debug|Any CPU
		{096548EE-99FA-447D-9C3E-C8B231FE50FB}.Debug|x86.ActiveCfg = Debug|Any CPU
		{096548EE-99FA-447D-9C3E-C8B231FE50FB}.Release|Any CPU.ActiveCfg = Release|Any CPU
		{096548EE-99FA-447D-9C3E-C8B231FE50FB}.Release|x64.ActiveCfg = Release|Any CPU
		{096548EE-99FA-447D-9C3E-C8B231FE50FB}.Release|x86.ActiveCfg = Release|Any CPU
	EndGlobalSection
	GlobalSection(SolutionProperties) = preSolution
		HideSolutionNode = FALSE
	EndGlobalSection
	GlobalSection(ExtensibilityGlobals) = postSolution
		SolutionGuid = {C01321B6-62C8-4B0A-9A85-CC3E88BE8255}
	EndGlobalSection
EndGlobal
